
Microsoft Visual Studio Solution File, Format Version 12.00
# Visual Studio 15
VisualStudioVersion = 15.0.28307.438
MinimumVisualStudioVersion = 10.0.40219.1
Project("{FAE04EC0-301F-11D3-BF4B-00C04F79EFBC}") = "AllergyFinder", "AllergyFinder\AllergyFinder.csproj", "{2A97981B-9BBE-4C0B-B285-332CCF04A0DD}"
EndProject
Global
	GlobalSection(SolutionConfigurationPlatforms) = preSolution
		Debug|Any CPU = Debug|Any CPU
		Release|Any CPU = Release|Any CPU
	EndGlobalSection
	GlobalSection(ProjectConfigurationPlatforms) = postSolution
		{2A97981B-9BBE-4C0B-B285-332CCF04A0DD}.Debug|Any CPU.ActiveCfg = Debug|Any CPU
		{2A97981B-9BBE-4C0B-B285-332CCF04A0DD}.Debug|Any CPU.Build.0 = Debug|Any CPU
		{2A97981B-9BBE-4C0B-B285-332CCF04A0DD}.Release|Any CPU.ActiveCfg = Release|Any CPU
		{2A97981B-9BBE-4C0B-B285-332CCF04A0DD}.Release|Any CPU.Build.0 = Release|Any CPU
	EndGlobalSection
	GlobalSection(SolutionProperties) = preSolution
		HideSolutionNode = FALSE
	EndGlobalSection
	GlobalSection(ExtensibilityGlobals) = postSolution
		SolutionGuid = {89CA63B0-989C-4913-8BAC-DADC6A613A68}
	EndGlobalSection
EndGlobal
